// !$*UTF8*$!
{
	archiveVersion = 1;
	classes = {
	};
	objectVersion = 46;
	objects = {

/* Begin PBXBuildFile section */
		3AF4815E1B81AB1200557F41 /* main.m in Sources */ = {isa = PBXBuildFile; fileRef = 3AF4815D1B81AB1200557F41 /* main.m */; };
		3AF481611B81AB1200557F41 /* AppDelegate.m in Sources */ = {isa = PBXBuildFile; fileRef = 3AF481601B81AB1200557F41 /* AppDelegate.m */; };
		3AF481641B81AB1200557F41 /* QuZijia_BmobUpload.xcdatamodeld in Sources */ = {isa = PBXBuildFile; fileRef = 3AF481621B81AB1200557F41 /* QuZijia_BmobUpload.xcdatamodeld */; };
		3AF481671B81AB1200557F41 /* ViewController.m in Sources */ = {isa = PBXBuildFile; fileRef = 3AF481661B81AB1200557F41 /* ViewController.m */; };
		3AF4816A1B81AB1200557F41 /* Main.storyboard in Resources */ = {isa = PBXBuildFile; fileRef = 3AF481681B81AB1200557F41 /* Main.storyboard */; };
		3AF4816C1B81AB1200557F41 /* Images.xcassets in Resources */ = {isa = PBXBuildFile; fileRef = 3AF4816B1B81AB1200557F41 /* Images.xcassets */; };
		3AF4816F1B81AB1200557F41 /* LaunchScreen.xib in Resources */ = {isa = PBXBuildFile; fileRef = 3AF4816D1B81AB1200557F41 /* LaunchScreen.xib */; };
		3AF4817B1B81AB1200557F41 /* QuZijia_BmobUploadTests.m in Sources */ = {isa = PBXBuildFile; fileRef = 3AF4817A1B81AB1200557F41 /* QuZijia_BmobUploadTests.m */; };
/* End PBXBuildFile section */

/* Begin PBXContainerItemProxy section */
		3AF481751B81AB1200557F41 /* PBXContainerItemProxy */ = {
			isa = PBXContainerItemProxy;
			containerPortal = 3AF481501B81AB1100557F41 /* Project object */;
			proxyType = 1;
			remoteGlobalIDString = 3AF481571B81AB1200557F41;
			remoteInfo = QuZijia_BmobUpload;
		};
/* End PBXContainerItemProxy section */

/* Begin PBXFileReference section */
		3AF481581B81AB1200557F41 /* QuZijia_BmobUpload.app */ = {isa = PBXFileReference; explicitFileType = wrapper.application; includeInIndex = 0; path = QuZijia_BmobUpload.app; sourceTree = BUILT_PRODUCTS_DIR; };
		3AF4815C1B81AB1200557F41 /* Info.plist */ = {isa = PBXFileReference; lastKnownFileType = text.plist.xml; path = Info.plist; sourceTree = "<group>"; };
		3AF4815D1B81AB1200557F41 /* main.m */ = {isa = PBXFileReference; lastKnownFileType = sourcecode.c.objc; path = main.m; sourceTree = "<group>"; };
		3AF4815F1B81AB1200557F41 /* AppDelegate.h */ = {isa = PBXFileReference; lastKnownFileType = sourcecode.c.h; path = AppDelegate.h; sourceTree = "<group>"; };
		3AF481601B81AB1200557F41 /* AppDelegate.m */ = {isa = PBXFileReference; lastKnownFileType = sourcecode.c.objc; path = AppDelegate.m; sourceTree = "<group>"; };
		3AF481631B81AB1200557F41 /* QuZijia_BmobUpload.xcdatamodel */ = {isa = PBXFileReference; lastKnownFileType = wrapper.xcdatamodel; path = QuZijia_BmobUpload.xcdatamodel; sourceTree = "<group>"; };
		3AF481651B81AB1200557F41 /* ViewController.h */ = {isa = PBXFileReference; lastKnownFileType = sourcecode.c.h; path = ViewController.h; sourceTree = "<group>"; };
		3AF481661B81AB1200557F41 /* ViewController.m */ = {isa = PBXFileReference; lastKnownFileType = sourcecode.c.objc; path = ViewController.m; sourceTree = "<group>"; };
		3AF481691B81AB1200557F41 /* Base */ = {isa = PBXFileReference; lastKnownFileType = file.storyboard; name = Base; path = Base.lproj/Main.storyboard; sourceTree = "<group>"; };
		3AF4816B1B81AB1200557F41 /* Images.xcassets */ = {isa = PBXFileReference; lastKnownFileType = folder.assetcatalog; path = Images.xcassets; sourceTree = "<group>"; };
		3AF4816E1B81AB1200557F41 /* Base */ = {isa = PBXFileReference; lastKnownFileType = file.xib; name = Base; path = Base.lproj/LaunchScreen.xib; sourceTree = "<group>"; };
		3AF481741B81AB1200557F41 /* QuZijia_BmobUploadTests.xctest */ = {isa = PBXFileReference; explicitFileType = wrapper.cfbundle; includeInIndex = 0; path = QuZijia_BmobUploadTests.xctest; sourceTree = BUILT_PRODUCTS_DIR; };
		3AF481791B81AB1200557F41 /* Info.plist */ = {isa = PBXFileReference; lastKnownFileType = text.plist.xml; path = Info.plist; sourceTree = "<group>"; };
		3AF4817A1B81AB1200557F41 /* QuZijia_BmobUploadTests.m */ = {isa = PBXFileReference; lastKnownFileType = sourcecode.c.objc; path = QuZijia_BmobUploadTests.m; sourceTree = "<group>"; };
/* End PBXFileReference section */

/* Begin PBXFrameworksBuildPhase section */
		3AF481551B81AB1200557F41 /* Frameworks */ = {
			isa = PBXFrameworksBuildPhase;
			buildActionMask = 2147483647;
			files = (
			);
			runOnlyForDeploymentPostprocessing = 0;
		};
		3AF481711B81AB1200557F41 /* Frameworks */ = {
			isa = PBXFrameworksBuildPhase;
			buildActionMask = 2147483647;
			files = (
			);
			runOnlyForDeploymentPostprocessing = 0;
		};
/* End PBXFrameworksBuildPhase section */

/* Begin PBXGroup section */
		3AF4814F1B81AB1100557F41 = {
			isa = PBXGroup;
			children = (
				3AF4815A1B81AB1200557F41 /* QuZijia_BmobUpload */,
				3AF481771B81AB1200557F41 /* QuZijia_BmobUploadTests */,
				3AF481591B81AB1200557F41 /* Products */,
			);
			sourceTree = "<group>";
		};
		3AF481591B81AB1200557F41 /* Products */ = {
			isa = PBXGroup;
			children = (
				3AF481581B81AB1200557F41 /* QuZijia_BmobUpload.app */,
				3AF481741B81AB1200557F41 /* QuZijia_BmobUploadTests.xctest */,
			);
			name = Products;
			sourceTree = "<group>";
		};
		3AF4815A1B81AB1200557F41 /* QuZijia_BmobUpload */ = {
			isa = PBXGroup;
			children = (
				3AF4815F1B81AB1200557F41 /* AppDelegate.h */,
				3AF481601B81AB1200557F41 /* AppDelegate.m */,
				3AF481651B81AB1200557F41 /* ViewController.h */,
				3AF481661B81AB1200557F41 /* ViewController.m */,
				3AF481681B81AB1200557F41 /* Main.storyboard */,
				3AF4816B1B81AB1200557F41 /* Images.xcassets */,
				3AF4816D1B81AB1200557F41 /* LaunchScreen.xib */,
				3AF481621B81AB1200557F41 /* QuZijia_BmobUpload.xcdatamodeld */,
				3AF4815B1B81AB1200557F41 /* Supporting Files */,
			);
			path = QuZijia_BmobUpload;
			sourceTree = "<group>";
		};
		3AF4815B1B81AB1200557F41 /* Supporting Files */ = {
			isa = PBXGroup;
			children = (
				3AF4815C1B81AB1200557F41 /* Info.plist */,
				3AF4815D1B81AB1200557F41 /* main.m */,
			);
			name = "Supporting Files";
			sourceTree = "<group>";
		};
		3AF481771B81AB1200557F41 /* QuZijia_BmobUploadTests */ = {
			isa = PBXGroup;
			children = (
				3AF4817A1B81AB1200557F41 /* QuZijia_BmobUploadTests.m */,
				3AF481781B81AB1200557F41 /* Supporting Files */,
			);
			path = QuZijia_BmobUploadTests;
			sourceTree = "<group>";
		};
		3AF481781B81AB1200557F41 /* Supporting Files */ = {
			isa = PBXGroup;
			children = (
				3AF481791B81AB1200557F41 /* Info.plist */,
			);
			name = "Supporting Files";
			sourceTree = "<group>";
		};
/* End PBXGroup section */

/* Begin PBXNativeTarget section */
		3AF481571B81AB1200557F41 /* QuZijia_BmobUpload */ = {
			isa = PBXNativeTarget;
			buildConfigurationList = 3AF4817E1B81AB1200557F41 /* Build configuration list for PBXNativeTarget "QuZijia_BmobUpload" */;
			buildPhases = (
				3AF481541B81AB1200557F41 /* Sources */,
				3AF481551B81AB1200557F41 /* Frameworks */,
				3AF481561B81AB1200557F41 /* Resources */,
			);
			buildRules = (
			);
			dependencies = (
			);
			name = QuZijia_BmobUpload;
			productName = QuZijia_BmobUpload;
			productReference = 3AF481581B81AB1200557F41 /* QuZijia_BmobUpload.app */;
			productType = "com.apple.product-type.application";
		};
		3AF481731B81AB1200557F41 /* QuZijia_BmobUploadTests */ = {
			isa = PBXNativeTarget;
			buildConfigurationList = 3AF481811B81AB1200557F41 /* Build configuration list for PBXNativeTarget "QuZijia_BmobUploadTests" */;
			buildPhases = (
				3AF481701B81AB1200557F41 /* Sources */,
				3AF481711B81AB1200557F41 /* Frameworks */,
				3AF481721B81AB1200557F41 /* Resources */,
			);
			buildRules = (
			);
			dependencies = (
				3AF481761B81AB1200557F41 /* PBXTargetDependency */,
			);
			name = QuZijia_BmobUploadTests;
			productName = QuZijia_BmobUploadTests;
			productReference = 3AF481741B81AB1200557F41 /* QuZijia_BmobUploadTests.xctest */;
			productType = "com.apple.product-type.bundle.unit-test";
		};
/* End PBXNativeTarget section */

/* Begin PBXProject section */
		3AF481501B81AB1100557F41 /* Project object */ = {
			isa = PBXProject;
			attributes = {
				LastUpgradeCheck = 0640;
				ORGANIZATIONNAME = lijiajia;
				TargetAttributes = {
					3AF481571B81AB1200557F41 = {
						CreatedOnToolsVersion = 6.4;
					};
					3AF481731B81AB1200557F41 = {
						CreatedOnToolsVersion = 6.4;
						TestTargetID = 3AF481571B81AB1200557F41;
					};
				};
			};
			buildConfigurationList = 3AF481531B81AB1100557F41 /* Build configuration list for PBXProject "QuZijia_BmobUpload" */;
			compatibilityVersion = "Xcode 3.2";
			developmentRegion = English;
			hasScannedForEncodings = 0;
			knownRegions = (
				en,
				Base,
			);
			mainGroup = 3AF4814F1B81AB1100557F41;
			productRefGroup = 3AF481591B81AB1200557F41 /* Products */;
			projectDirPath = "";
			projectRoot = "";
			targets = (
				3AF481571B81AB1200557F41 /* QuZijia_BmobUpload */,
				3AF481731B81AB1200557F41 /* QuZijia_BmobUploadTests */,
			);
		};
/* End PBXProject section */

/* Begin PBXResourcesBuildPhase section */
		3AF481561B81AB1200557F41 /* Resources */ = {
			isa = PBXResourcesBuildPhase;
			buildActionMask = 2147483647;
			files = (
				3AF4816A1B81AB1200557F41 /* Main.storyboard in Resources */,
				3AF4816F1B81AB1200557F41 /* LaunchScreen.xib in Resources */,
				3AF4816C1B81AB1200557F41 /* Images.xcassets in Resources */,
			);
			runOnlyForDeploymentPostprocessing = 0;
		};
		3AF481721B81AB1200557F41 /* Resources */ = {
			isa = PBXResourcesBuildPhase;
			buildActionMask = 2147483647;
			files = (
			);
			runOnlyForDeploymentPostprocessing = 0;
		};
/* End PBXResourcesBuildPhase section */

/* Begin PBXSourcesBuildPhase section */
		3AF481541B81AB1200557F41 /* Sources */ = {
			isa = PBXSourcesBuildPhase;
			buildActionMask = 2147483647;
			files = (
				3AF481611B81AB1200557F41 /* AppDelegate.m in Sources */,
				3AF481641B81AB1200557F41 /* QuZijia_BmobUpload.xcdatamodeld in Sources */,
				3AF481671B81AB1200557F41 /* ViewController.m in Sources */,
				3AF4815E1B81AB1200557F41 /* main.m in Sources */,
			);
			runOnlyForDeploymentPostprocessing = 0;
		};
		3AF481701B81AB1200557F41 /* Sources */ = {
			isa = PBXSourcesBuildPhase;
			buildActionMask = 2147483647;
			files = (
				3AF4817B1B81AB1200557F41 /* QuZijia_BmobUploadTests.m in Sources */,
			);
			runOnlyForDeploymentPostprocessing = 0;
		};
/* End PBXSourcesBuildPhase section */

/* Begin PBXTargetDependency section */
		3AF481761B81AB1200557F41 /* PBXTargetDependency */ = {
			isa = PBXTargetDependency;
			target = 3AF481571B81AB1200557F41 /* QuZijia_BmobUpload */;
			targetProxy = 3AF481751B81AB1200557F41 /* PBXContainerItemProxy */;
		};
/* End PBXTargetDependency section */

/* Begin PBXVariantGroup section */
		3AF481681B81AB1200557F41 /* Main.storyboard */ = {
			isa = PBXVariantGroup;
			children = (
				3AF481691B81AB1200557F41 /* Base */,
			);
			name = Main.storyboard;
			sourceTree = "<group>";
		};
		3AF4816D1B81AB1200557F41 /* LaunchScreen.xib */ = {
			isa = PBXVariantGroup;
			children = (
				3AF4816E1B81AB1200557F41 /* Base */,
			);
			name = LaunchScreen.xib;
			sourceTree = "<group>";
		};
/* End PBXVariantGroup section */

/* Begin XCBuildConfiguration section */
		3AF4817C1B81AB1200557F41 /* Debug */ = {
			isa = XCBuildConfiguration;
			buildSettings = {
				ALWAYS_SEARCH_USER_PATHS = NO;
				CLANG_CXX_LANGUAGE_STANDARD = "gnu++0x";
				CLANG_CXX_LIBRARY = "libc++";
				CLANG_ENABLE_MODULES = YES;
				CLANG_ENABLE_OBJC_ARC = YES;
				CLANG_WARN_BOOL_CONVERSION = YES;
				CLANG_WARN_CONSTANT_CONVERSION = YES;
				CLANG_WARN_DIRECT_OBJC_ISA_USAGE = YES_ERROR;
				CLANG_WARN_EMPTY_BODY = YES;
				CLANG_WARN_ENUM_CONVERSION = YES;
				CLANG_WARN_INT_CONVERSION = YES;
				CLANG_WARN_OBJC_ROOT_CLASS = YES_ERROR;
				CLANG_WARN_UNREACHABLE_CODE = YES;
				CLANG_WARN__DUPLICATE_METHOD_MATCH = YES;
				"CODE_SIGN_IDENTITY[sdk=iphoneos*]" = "iPhone Developer";
				COPY_PHASE_STRIP = NO;
				DEBUG_INFORMATION_FORMAT = "dwarf-with-dsym";
				ENABLE_STRICT_OBJC_MSGSEND = YES;
				GCC_C_LANGUAGE_STANDARD = gnu99;
				GCC_DYNAMIC_NO_PIC = NO;
				GCC_NO_COMMON_BLOCKS = YES;
				GCC_OPTIMIZATION_LEVEL = 0;
				GCC_PREPROCESSOR_DEFINITIONS = (
					"DEBUG=1",
					"$(inherited)",
				);
				GCC_SYMBOLS_PRIVATE_EXTERN = NO;
				GCC_WARN_64_TO_32_BIT_CONVERSION = YES;
				GCC_WARN_ABOUT_RETURN_TYPE = YES_ERROR;
				GCC_WARN_UNDECLARED_SELECTOR = YES;
				GCC_WARN_UNINITIALIZED_AUTOS = YES_AGGRESSIVE;
				GCC_WARN_UNUSED_FUNCTION = YES;
				GCC_WARN_UNUSED_VARIABLE = YES;
				IPHONEOS_DEPLOYMENT_TARGET = 8.4;
				MTL_ENABLE_DEBUG_INFO = YES;
				ONLY_ACTIVE_ARCH = YES;
				SDKROOT = iphoneos;
			};
			name = Debug;
		};
		3AF4817D1B81AB1200557F41 /* Release */ = {
			isa = XCBuildConfiguration;
			buildSettings = {
				ALWAYS_SEARCH_USER_PATHS = NO;
				CLANG_CXX_LANGUAGE_STANDARD = "gnu++0x";
				CLANG_CXX_LIBRARY = "libc++";
				CLANG_ENABLE_MODULES = YES;
				CLANG_ENABLE_OBJC_ARC = YES;
				CLANG_WARN_BOOL_CONVERSION = YES;
				CLANG_WARN_CONSTANT_CONVERSION = YES;
				CLANG_WARN_DIRECT_OBJC_ISA_USAGE = YES_ERROR;
				CLANG_WARN_EMPTY_BODY = YES;
				CLANG_WARN_ENUM_CONVERSION = YES;
				CLANG_WARN_INT_CONVERSION = YES;
				CLANG_WARN_OBJC_ROOT_CLASS = YES_ERROR;
				CLANG_WARN_UNREACHABLE_CODE = YES;
				CLANG_WARN__DUPLICATE_METHOD_MATCH = YES;
				"CODE_SIGN_IDENTITY[sdk=iphoneos*]" = "iPhone Developer";
				COPY_PHASE_STRIP = NO;
				DEBUG_INFORMATION_FORMAT = "dwarf-with-dsym";
				ENABLE_NS_ASSERTIONS = NO;
				ENABLE_STRICT_OBJC_MSGSEND = YES;
				GCC_C_LANGUAGE_STANDARD = gnu99;
				GCC_NO_COMMON_BLOCKS = YES;
				GCC_WARN_64_TO_32_BIT_CONVERSION = YES;
				GCC_WARN_ABOUT_RETURN_TYPE = YES_ERROR;
				GCC_WARN_UNDECLARED_SELECTOR = YES;
				GCC_WARN_UNINITIALIZED_AUTOS = YES_AGGRESSIVE;
				GCC_WARN_UNUSED_FUNCTION = YES;
				GCC_WARN_UNUSED_VARIABLE = YES;
				IPHONEOS_DEPLOYMENT_TARGET = 8.4;
				MTL_ENABLE_DEBUG_INFO = NO;
				SDKROOT = iphoneos;
				VALIDATE_PRODUCT = YES;
			};
			name = Release;
		};
		3AF4817F1B81AB1200557F41 /* Debug */ = {
			isa = XCBuildConfiguration;
			buildSettings = {
				ASSETCATALOG_COMPILER_APPICON_NAME = AppIcon;
				INFOPLIST_FILE = QuZijia_BmobUpload/Info.plist;
				LD_RUNPATH_SEARCH_PATHS = "$(inherited) @executable_path/Frameworks";
				PRODUCT_NAME = "$(TARGET_NAME)";
			};
			name = Debug;
		};
		3AF481801B81AB1200557F41 /* Release */ = {
			isa = XCBuildConfiguration;
			buildSettings = {
				ASSETCATALOG_COMPILER_APPICON_NAME = AppIcon;
				INFOPLIST_FILE = QuZijia_BmobUpload/Info.plist;
				LD_RUNPATH_SEARCH_PATHS = "$(inherited) @executable_path/Frameworks";
				PRODUCT_NAME = "$(TARGET_NAME)";
			};
			name = Release;
		};
		3AF481821B81AB1200557F41 /* Debug */ = {
			isa = XCBuildConfiguration;
			buildSettings = {
				BUNDLE_LOADER = "$(TEST_HOST)";
				FRAMEWORK_SEARCH_PATHS = (
					"$(SDKROOT)/Developer/Library/Frameworks",
					"$(inherited)",
				);
				GCC_PREPROCESSOR_DEFINITIONS = (
					"DEBUG=1",
					"$(inherited)",
				);
				INFOPLIST_FILE = QuZijia_BmobUploadTests/Info.plist;
				LD_RUNPATH_SEARCH_PATHS = "$(inherited) @executable_path/Frameworks @loader_path/Frameworks";
				PRODUCT_NAME = "$(TARGET_NAME)";
				TEST_HOST = "$(BUILT_PRODUCTS_DIR)/QuZijia_BmobUpload.app/QuZijia_BmobUpload";
			};
			name = Debug;
		};
		3AF481831B81AB1200557F41 /* Release */ = {
			isa = XCBuildConfiguration;
			buildSettings = {
				BUNDLE_LOADER = "$(TEST_HOST)";
				FRAMEWORK_SEARCH_PATHS = (
					"$(SDKROOT)/Developer/Library/Frameworks",
					"$(inherited)",
				);
				INFOPLIST_FILE = QuZijia_BmobUploadTests/Info.plist;
				LD_RUNPATH_SEARCH_PATHS = "$(inherited) @executable_path/Frameworks @loader_path/Frameworks";
				PRODUCT_NAME = "$(TARGET_NAME)";
				TEST_HOST = "$(BUILT_PRODUCTS_DIR)/QuZijia_BmobUpload.app/QuZijia_BmobUpload";
			};
			name = Release;
		};
/* End XCBuildConfiguration section */

/* Begin XCConfigurationList section */
		3AF481531B81AB1100557F41 /* Build configuration list for PBXProject "QuZijia_BmobUpload" */ = {
			isa = XCConfigurationList;
			buildConfigurations = (
				3AF4817C1B81AB1200557F41 /* Debug */,
				3AF4817D1B81AB1200557F41 /* Release */,
			);
			defaultConfigurationIsVisible = 0;
			defaultConfigurationName = Release;
		};
		3AF4817E1B81AB1200557F41 /* Build configuration list for PBXNativeTarget "QuZijia_BmobUpload" */ = {
			isa = XCConfigurationList;
			buildConfigurations = (
				3AF4817F1B81AB1200557F41 /* Debug */,
				3AF481801B81AB1200557F41 /* Release */,
			);
			defaultConfigurationIsVisible = 0;
		};
		3AF481811B81AB1200557F41 /* Build configuration list for PBXNativeTarget "QuZijia_BmobUploadTests" */ = {
			isa = XCConfigurationList;
			buildConfigurations = (
				3AF481821B81AB1200557F41 /* Debug */,
				3AF481831B81AB1200557F41 /* Release */,
			);
			defaultConfigurationIsVisible = 0;
		};
/* End XCConfigurationList section */

/* Begin XCVersionGroup section */
		3AF481621B81AB1200557F41 /* QuZijia_BmobUpload.xcdatamodeld */ = {
			isa = XCVersionGroup;
			children = (
				3AF481631B81AB1200557F41 /* QuZijia_BmobUpload.xcdatamodel */,
			);
			currentVersion = 3AF481631B81AB1200557F41 /* QuZijia_BmobUpload.xcdatamodel */;
			path = QuZijia_BmobUpload.xcdatamodeld;
			sourceTree = "<group>";
			versionGroupType = wrapper.xcdatamodel;
		};
/* End XCVersionGroup section */
	};
	rootObject = 3AF481501B81AB1100557F41 /* Project object */;
}
